// !$*UTF8*$!
{
	archiveVersion = 1;
	classes = {
	};
	objectVersion = 46;
	objects = {

/* Begin PBXBuildFile section */
		2924C76F1E1231010008BC55 /* AppDelegate.swift in Sources */ = {isa = PBXBuildFile; fileRef = 2924C76E1E1231010008BC55 /* AppDelegate.swift */; };
		2924C7711E1231010008BC55 /* ViewController.swift in Sources */ = {isa = PBXBuildFile; fileRef = 2924C7701E1231010008BC55 /* ViewController.swift */; };
		2924C7741E1231010008BC55 /* Main.storyboard in Resources */ = {isa = PBXBuildFile; fileRef = 2924C7721E1231010008BC55 /* Main.storyboard */; };
		2924C7761E1231010008BC55 /* Assets.xcassets in Resources */ = {isa = PBXBuildFile; fileRef = 2924C7751E1231010008BC55 /* Assets.xcassets */; };
		2924C7791E1231010008BC55 /* LaunchScreen.storyboard in Resources */ = {isa = PBXBuildFile; fileRef = 2924C7771E1231010008BC55 /* LaunchScreen.storyboard */; };
		94ACBE5F1672458FE6C633ED /* Pods_SwiftyMessageDemo.framework in Frameworks */ = {isa = PBXBuildFile; fileRef = 87F22FBBAE500CF82A87EEE7 /* Pods_SwiftyMessageDemo.framework */; };
/* End PBXBuildFile section */

/* Begin PBXFileReference section */
		0AC05A3AC4CEF2DDEF02DA64 /* Pods-SwiftyMessageDemo.debug.xcconfig */ = {isa = PBXFileReference; includeInIndex = 1; lastKnownFileType = text.xcconfig; name = "Pods-SwiftyMessageDemo.debug.xcconfig"; path = "Pods/Target Support Files/Pods-SwiftyMessageDemo/Pods-SwiftyMessageDemo.debug.xcconfig"; sourceTree = "<group>"; };
		2924C76B1E1231010008BC55 /* SwiftyMessageDemo.app */ = {isa = PBXFileReference; explicitFileType = wrapper.application; includeInIndex = 0; path = SwiftyMessageDemo.app; sourceTree = BUILT_PRODUCTS_DIR; };
		2924C76E1E1231010008BC55 /* AppDelegate.swift */ = {isa = PBXFileReference; lastKnownFileType = sourcecode.swift; path = AppDelegate.swift; sourceTree = "<group>"; };
		2924C7701E1231010008BC55 /* ViewController.swift */ = {isa = PBXFileReference; lastKnownFileType = sourcecode.swift; path = ViewController.swift; sourceTree = "<group>"; };
		2924C7731E1231010008BC55 /* Base */ = {isa = PBXFileReference; lastKnownFileType = file.storyboard; name = Base; path = Base.lproj/Main.storyboard; sourceTree = "<group>"; };
		2924C7751E1231010008BC55 /* Assets.xcassets */ = {isa = PBXFileReference; lastKnownFileType = folder.assetcatalog; path = Assets.xcassets; sourceTree = "<group>"; };
		2924C7781E1231010008BC55 /* Base */ = {isa = PBXFileReference; lastKnownFileType = file.storyboard; name = Base; path = Base.lproj/LaunchScreen.storyboard; sourceTree = "<group>"; };
		2924C77A1E1231010008BC55 /* Info.plist */ = {isa = PBXFileReference; lastKnownFileType = text.plist.xml; path = Info.plist; sourceTree = "<group>"; };
		464A67B995851D955E6B63BE /* Pods-SwiftyMessageDemo.release.xcconfig */ = {isa = PBXFileReference; includeInIndex = 1; lastKnownFileType = text.xcconfig; name = "Pods-SwiftyMessageDemo.release.xcconfig"; path = "Pods/Target Support Files/Pods-SwiftyMessageDemo/Pods-SwiftyMessageDemo.release.xcconfig"; sourceTree = "<group>"; };
		87F22FBBAE500CF82A87EEE7 /* Pods_SwiftyMessageDemo.framework */ = {isa = PBXFileReference; explicitFileType = wrapper.framework; includeInIndex = 0; path = Pods_SwiftyMessageDemo.framework; sourceTree = BUILT_PRODUCTS_DIR; };
/* End PBXFileReference section */

/* Begin PBXFrameworksBuildPhase section */
		2924C7681E1231010008BC55 /* Frameworks */ = {
			isa = PBXFrameworksBuildPhase;
			buildActionMask = 2147483647;
			files = (
				94ACBE5F1672458FE6C633ED /* Pods_SwiftyMessageDemo.framework in Frameworks */,
			);
			runOnlyForDeploymentPostprocessing = 0;
		};
/* End PBXFrameworksBuildPhase section */

/* Begin PBXGroup section */
		2924C7621E1231010008BC55 = {
			isa = PBXGroup;
			children = (
				2924C76D1E1231010008BC55 /* SwiftyMessageDemo */,
				2924C76C1E1231010008BC55 /* Products */,
				89FFC6739FA982B60AEEA28F /* Pods */,
				35E3ABF4ECFD1C153B6CCE7F /* Frameworks */,
			);
			sourceTree = "<group>";
		};
		2924C76C1E1231010008BC55 /* Products */ = {
			isa = PBXGroup;
			children = (
				2924C76B1E1231010008BC55 /* SwiftyMessageDemo.app */,
			);
			name = Products;
			sourceTree = "<group>";
		};
		2924C76D1E1231010008BC55 /* SwiftyMessageDemo */ = {
			isa = PBXGroup;
			children = (
				2924C76E1E1231010008BC55 /* AppDelegate.swift */,
				2924C7701E1231010008BC55 /* ViewController.swift */,
				2924C7721E1231010008BC55 /* Main.storyboard */,
				2924C7751E1231010008BC55 /* Assets.xcassets */,
				2924C7771E1231010008BC55 /* LaunchScreen.storyboard */,
				2924C77A1E1231010008BC55 /* Info.plist */,
			);
			path = SwiftyMessageDemo;
			sourceTree = "<group>";
		};
		35E3ABF4ECFD1C153B6CCE7F /* Frameworks */ = {
			isa = PBXGroup;
			children = (
				87F22FBBAE500CF82A87EEE7 /* Pods_SwiftyMessageDemo.framework */,
			);
			name = Frameworks;
			sourceTree = "<group>";
		};
		89FFC6739FA982B60AEEA28F /* Pods */ = {
			isa = PBXGroup;
			children = (
				0AC05A3AC4CEF2DDEF02DA64 /* Pods-SwiftyMessageDemo.debug.xcconfig */,
				464A67B995851D955E6B63BE /* Pods-SwiftyMessageDemo.release.xcconfig */,
			);
			name = Pods;
			sourceTree = "<group>";
		};
/* End PBXGroup section */

/* Begin PBXNativeTarget section */
		2924C76A1E1231010008BC55 /* SwiftyMessageDemo */ = {
			isa = PBXNativeTarget;
			buildConfigurationList = 2924C77D1E1231010008BC55 /* Build configuration list for PBXNativeTarget "SwiftyMessageDemo" */;
			buildPhases = (
				14733DFB6E5B1D8C6B110491 /* [CP] Check Pods Manifest.lock */,
				2924C7671E1231010008BC55 /* Sources */,
				2924C7681E1231010008BC55 /* Frameworks */,
				2924C7691E1231010008BC55 /* Resources */,
				08C8CC684D4DE6B4E7C4D163 /* [CP] Embed Pods Frameworks */,
				677DF36240A9D0C6E6F2F74E /* [CP] Copy Pods Resources */,
			);
			buildRules = (
			);
			dependencies = (
			);
			name = SwiftyMessageDemo;
			productName = SwiftyMessageDemo;
			productReference = 2924C76B1E1231010008BC55 /* SwiftyMessageDemo.app */;
			productType = "com.apple.product-type.application";
		};
/* End PBXNativeTarget section */

/* Begin PBXProject section */
		2924C7631E1231010008BC55 /* Project object */ = {
			isa = PBXProject;
			attributes = {
				LastSwiftUpdateCheck = 0820;
				LastUpgradeCheck = 0820;
				ORGANIZATIONNAME = YorrickBao;
				TargetAttributes = {
					2924C76A1E1231010008BC55 = {
						CreatedOnToolsVersion = 8.2.1;
						DevelopmentTeam = 22FK6EQLFU;
						ProvisioningStyle = Automatic;
					};
				};
			};
			buildConfigurationList = 2924C7661E1231010008BC55 /* Build configuration list for PBXProject "SwiftyMessageDemo" */;
			compatibilityVersion = "Xcode 3.2";
			developmentRegion = English;
			hasScannedForEncodings = 0;
			knownRegions = (
				en,
				Base,
			);
			mainGroup = 2924C7621E1231010008BC55;
			productRefGroup = 2924C76C1E1231010008BC55 /* Products */;
			projectDirPath = "";
			projectRoot = "";
			targets = (
				2924C76A1E1231010008BC55 /* SwiftyMessageDemo */,
			);
		};
/* End PBXProject section */

/* Begin PBXResourcesBuildPhase section */
		2924C7691E1231010008BC55 /* Resources */ = {
			isa = PBXResourcesBuildPhase;
			buildActionMask = 2147483647;
			files = (
				2924C7791E1231010008BC55 /* LaunchScreen.storyboard in Resources */,
				2924C7761E1231010008BC55 /* Assets.xcassets in Resources */,
				2924C7741E1231010008BC55 /* Main.storyboard in Resources */,
			);
			runOnlyForDeploymentPostprocessing = 0;
		};
/* End PBXResourcesBuildPhase section */

/* Begin PBXShellScriptBuildPhase section */
		08C8CC684D4DE6B4E7C4D163 /* [CP] Embed Pods Frameworks */ = {
			isa = PBXShellScriptBuildPhase;
			buildActionMask = 2147483647;
			files = (
			);
			inputPaths = (
			);
			name = "[CP] Embed Pods Frameworks";
			outputPaths = (
			);
			runOnlyForDeploymentPostprocessing = 0;
			shellPath = /bin/sh;
			shellScript = "\"${SRCROOT}/Pods/Target Support Files/Pods-SwiftyMessageDemo/Pods-SwiftyMessageDemo-frameworks.sh\"\n";
			showEnvVarsInLog = 0;
		};
		14733DFB6E5B1D8C6B110491 /* [CP] Check Pods Manifest.lock */ = {
			isa = PBXShellScriptBuildPhase;
			buildActionMask = 2147483647;
			files = (
			);
			inputPaths = (
			);
			name = "[CP] Check Pods Manifest.lock";
			outputPaths = (
			);
			runOnlyForDeploymentPostprocessing = 0;
			shellPath = /bin/sh;
			shellScript = "diff \"${PODS_ROOT}/../Podfile.lock\" \"${PODS_ROOT}/Manifest.lock\" > /dev/null\nif [ $? != 0 ] ; then\n    # print error to STDERR\n    echo \"error: The sandbox is not in sync with the Podfile.lock. Run 'pod install' or update your CocoaPods installation.\" >&2\n    exit 1\nfi\n";
			showEnvVarsInLog = 0;
		};
		677DF36240A9D0C6E6F2F74E /* [CP] Copy Pods Resources */ = {
			isa = PBXShellScriptBuildPhase;
			buildActionMask = 2147483647;
			files = (
			);
			inputPaths = (
			);
			name = "[CP] Copy Pods Resources";
			outputPaths = (
			);
			runOnlyForDeploymentPostprocessing = 0;
			shellPath = /bin/sh;
			shellScript = "\"${SRCROOT}/Pods/Target Support Files/Pods-SwiftyMessageDemo/Pods-SwiftyMessageDemo-resources.sh\"\n";
			showEnvVarsInLog = 0;
		};
/* End PBXShellScriptBuildPhase section */

/* Begin PBXSourcesBuildPhase section */
		2924C7671E1231010008BC55 /* Sources */ = {
			isa = PBXSourcesBuildPhase;
			buildActionMask = 2147483647;
			files = (
				2924C7711E1231010008BC55 /* ViewController.swift in Sources */,
				2924C76F1E1231010008BC55 /* AppDelegate.swift in Sources */,
			);
			runOnlyForDeploymentPostprocessing = 0;
		};
/* End PBXSourcesBuildPhase section */

/* Begin PBXVariantGroup section */
		2924C7721E1231010008BC55 /* Main.storyboard */ = {
			isa = PBXVariantGroup;
			children = (
				2924C7731E1231010008BC55 /* Base */,
			);
			name = Main.storyboard;
			sourceTree = "<group>";
		};
		2924C7771E1231010008BC55 /* LaunchScreen.storyboard */ = {
			isa = PBXVariantGroup;
			children = (
				2924C7781E1231010008BC55 /* Base */,
			);
			name = LaunchScreen.storyboard;
			sourceTree = "<group>";
		};
/* End PBXVariantGroup section */

/* Begin XCBuildConfiguration section */
		2924C77B1E1231010008BC55 /* Debug */ = {
			isa = XCBuildConfiguration;
			buildSettings = {
				ALWAYS_SEARCH_USER_PATHS = NO;
				CLANG_ANALYZER_NONNULL = YES;
				CLANG_CXX_LANGUAGE_STANDARD = "gnu++0x";
				CLANG_CXX_LIBRARY = "libc++";
				CLANG_ENABLE_MODULES = YES;
				CLANG_ENABLE_OBJC_ARC = YES;
				CLANG_WARN_BOOL_CONVERSION = YES;
				CLANG_WARN_CONSTANT_CONVERSION = YES;
				CLANG_WARN_DIRECT_OBJC_ISA_USAGE = YES_ERROR;
				CLANG_WARN_DOCUMENTATION_COMMENTS = YES;
				CLANG_WARN_EMPTY_BODY = YES;
				CLANG_WARN_ENUM_CONVERSION = YES;
				CLANG_WARN_INFINITE_RECURSION = YES;
				CLANG_WARN_INT_CONVERSION = YES;
				CLANG_WARN_OBJC_ROOT_CLASS = YES_ERROR;
				CLANG_WARN_SUSPICIOUS_MOVE = YES;
				CLANG_WARN_UNREACHABLE_CODE = YES;
				CLANG_WARN__DUPLICATE_METHOD_MATCH = YES;
				"CODE_SIGN_IDENTITY[sdk=iphoneos*]" = "iPhone Developer";
				COPY_PHASE_STRIP = NO;
				DEBUG_INFORMATION_FORMAT = dwarf;
				ENABLE_STRICT_OBJC_MSGSEND = YES;
				ENABLE_TESTABILITY = YES;
				GCC_C_LANGUAGE_STANDARD = gnu99;
				GCC_DYNAMIC_NO_PIC = NO;
				GCC_NO_COMMON_BLOCKS = YES;
				GCC_OPTIMIZATION_LEVEL = 0;
				GCC_PREPROCESSOR_DEFINITIONS = (
					"DEBUG=1",
					"$(inherited)",
				);
				GCC_WARN_64_TO_32_BIT_CONVERSION = YES;
				GCC_WARN_ABOUT_RETURN_TYPE = YES_ERROR;
				GCC_WARN_UNDECLARED_SELECTOR = YES;
				GCC_WARN_UNINITIALIZED_AUTOS = YES_AGGRESSIVE;
				GCC_WARN_UNUSED_FUNCTION = YES;
				GCC_WARN_UNUSED_VARIABLE = YES;
				IPHONEOS_DEPLOYMENT_TARGET = 10.2;
				MTL_ENABLE_DEBUG_INFO = YES;
				ONLY_ACTIVE_ARCH = YES;
				SDKROOT = iphoneos;
				SWIFT_ACTIVE_COMPILATION_CONDITIONS = DEBUG;
				SWIFT_OPTIMIZATION_LEVEL = "-Onone";
			};
			name = Debug;
		};
		2924C77C1E1231010008BC55 /* Release */ = {
			isa = XCBuildConfiguration;
			buildSettings = {
				ALWAYS_SEARCH_USER_PATHS = NO;
				CLANG_ANALYZER_NONNULL = YES;
				CLANG_CXX_LANGUAGE_STANDARD = "gnu++0x";
				CLANG_CXX_LIBRARY = "libc++";
				CLANG_ENABLE_MODULES = YES;
				CLANG_ENABLE_OBJC_ARC = YES;
				CLANG_WARN_BOOL_CONVERSION = YES;
				CLANG_WARN_CONSTANT_CONVERSION = YES;
				CLANG_WARN_DIRECT_OBJC_ISA_USAGE = YES_ERROR;
				CLANG_WARN_DOCUMENTATION_COMMENTS = YES;
				CLANG_WARN_EMPTY_BODY = YES;
				CLANG_WARN_ENUM_CONVERSION = YES;
				CLANG_WARN_INFINITE_RECURSION = YES;
				CLANG_WARN_INT_CONVERSION = YES;
				CLANG_WARN_OBJC_ROOT_CLASS = YES_ERROR;
				CLANG_WARN_SUSPICIOUS_MOVE = YES;
				CLANG_WARN_UNREACHABLE_CODE = YES;
				CLANG_WARN__DUPLICATE_METHOD_MATCH = YES;
				"CODE_SIGN_IDENTITY[sdk=iphoneos*]" = "iPhone Developer";
				COPY_PHASE_STRIP = NO;
				DEBUG_INFORMATION_FORMAT = "dwarf-with-dsym";
				ENABLE_NS_ASSERTIONS = NO;
				ENABLE_STRICT_OBJC_MSGSEND = YES;
				GCC_C_LANGUAGE_STANDARD = gnu99;
				GCC_NO_COMMON_BLOCKS = YES;
				GCC_WARN_64_TO_32_BIT_CONVERSION = YES;
				GCC_WARN_ABOUT_RETURN_TYPE = YES_ERROR;
				GCC_WARN_UNDECLARED_SELECTOR = YES;
				GCC_WARN_UNINITIALIZED_AUTOS = YES_AGGRESSIVE;
				GCC_WARN_UNUSED_FUNCTION = YES;
				GCC_WARN_UNUSED_VARIABLE = YES;
				IPHONEOS_DEPLOYMENT_TARGET = 10.2;
				MTL_ENABLE_DEBUG_INFO = NO;
				SDKROOT = iphoneos;
				SWIFT_OPTIMIZATION_LEVEL = "-Owholemodule";
				VALIDATE_PRODUCT = YES;
			};
			name = Release;
		};
		2924C77E1E1231010008BC55 /* Debug */ = {
			isa = XCBuildConfiguration;
			baseConfigurationReference = 0AC05A3AC4CEF2DDEF02DA64 /* Pods-SwiftyMessageDemo.debug.xcconfig */;
			buildSettings = {
				ASSETCATALOG_COMPILER_APPICON_NAME = AppIcon;
				DEVELOPMENT_TEAM = 22FK6EQLFU;
				INFOPLIST_FILE = SwiftyMessageDemo/Info.plist;
				LD_RUNPATH_SEARCH_PATHS = "$(inherited) @executable_path/Frameworks";
				PRODUCT_BUNDLE_IDENTIFIER = com.YorrickBao.SwiftyMessageDemo;
				PRODUCT_NAME = "$(TARGET_NAME)";
				SWIFT_VERSION = 3.0;
			};
			name = Debug;
		};
		2924C77F1E1231010008BC55 /* Release */ = {
			isa = XCBuildConfiguration;
			baseConfigurationReference = 464A67B995851D955E6B63BE /* Pods-SwiftyMessageDemo.release.xcconfig */;
			buildSettings = {
				ASSETCATALOG_COMPILER_APPICON_NAME = AppIcon;
				DEVELOPMENT_TEAM = 22FK6EQLFU;
				INFOPLIST_FILE = SwiftyMessageDemo/Info.plist;
				LD_RUNPATH_SEARCH_PATHS = "$(inherited) @executable_path/Frameworks";
				PRODUCT_BUNDLE_IDENTIFIER = com.YorrickBao.SwiftyMessageDemo;
				PRODUCT_NAME = "$(TARGET_NAME)";
				SWIFT_VERSION = 3.0;
			};
			name = Release;
		};
/* End XCBuildConfiguration section */

/* Begin XCConfigurationList section */
		2924C7661E1231010008BC55 /* Build configuration list for PBXProject "SwiftyMessageDemo" */ = {
			isa = XCConfigurationList;
			buildConfigurations = (
				2924C77B1E1231010008BC55 /* Debug */,
				2924C77C1E1231010008BC55 /* Release */,
			);
			defaultConfigurationIsVisible = 0;
			defaultConfigurationName = Release;
		};
		2924C77D1E1231010008BC55 /* Build configuration list for PBXNativeTarget "SwiftyMessageDemo" */ = {
			isa = XCConfigurationList;
			buildConfigurations = (
				2924C77E1E1231010008BC55 /* Debug */,
				2924C77F1E1231010008BC55 /* Release */,
			);
			defaultConfigurationIsVisible = 0;
		};
/* End XCConfigurationList section */
	};
	rootObject = 2924C7631E1231010008BC55 /* Project object */;
}
