// !$*UTF8*$!
{
	archiveVersion = 1;
	classes = {
	};
	objectVersion = 46;
	objects = {

/* Begin PBXBuildFile section */
		1021EFE245BD9E45AFDC3E80 /* Pods_AlamofireDemo.framework in Frameworks */ = {isa = PBXBuildFile; fileRef = 04A9A16620C38EE6FC49F741 /* Pods_AlamofireDemo.framework */; };
		294873FC1DB523E500AD7537 /* AppDelegate.swift in Sources */ = {isa = PBXBuildFile; fileRef = 294873FB1DB523E500AD7537 /* AppDelegate.swift */; };
		294873FE1DB523E500AD7537 /* ViewController.swift in Sources */ = {isa = PBXBuildFile; fileRef = 294873FD1DB523E500AD7537 /* ViewController.swift */; };
		294874011DB523E500AD7537 /* Main.storyboard in Resources */ = {isa = PBXBuildFile; fileRef = 294873FF1DB523E500AD7537 /* Main.storyboard */; };
		294874031DB523E500AD7537 /* Assets.xcassets in Resources */ = {isa = PBXBuildFile; fileRef = 294874021DB523E500AD7537 /* Assets.xcassets */; };
		294874061DB523E500AD7537 /* LaunchScreen.storyboard in Resources */ = {isa = PBXBuildFile; fileRef = 294874041DB523E500AD7537 /* LaunchScreen.storyboard */; };
		29C3F9031DD9E92900652083 /* AWFileHash.m in Sources */ = {isa = PBXBuildFile; fileRef = 29C3F9021DD9E92900652083 /* AWFileHash.m */; };
/* End PBXBuildFile section */

/* Begin PBXFileReference section */
		04A9A16620C38EE6FC49F741 /* Pods_AlamofireDemo.framework */ = {isa = PBXFileReference; explicitFileType = wrapper.framework; includeInIndex = 0; path = Pods_AlamofireDemo.framework; sourceTree = BUILT_PRODUCTS_DIR; };
		29233A0C1DC1A95D004C1A3C /* AlamofireDemo-Bridging-Header.h */ = {isa = PBXFileReference; lastKnownFileType = sourcecode.c.h; path = "AlamofireDemo-Bridging-Header.h"; sourceTree = "<group>"; };
		294873F81DB523E500AD7537 /* AlamofireDemo.app */ = {isa = PBXFileReference; explicitFileType = wrapper.application; includeInIndex = 0; path = AlamofireDemo.app; sourceTree = BUILT_PRODUCTS_DIR; };
		294873FB1DB523E500AD7537 /* AppDelegate.swift */ = {isa = PBXFileReference; lastKnownFileType = sourcecode.swift; path = AppDelegate.swift; sourceTree = "<group>"; };
		294873FD1DB523E500AD7537 /* ViewController.swift */ = {isa = PBXFileReference; lastKnownFileType = sourcecode.swift; path = ViewController.swift; sourceTree = "<group>"; };
		294874001DB523E500AD7537 /* Base */ = {isa = PBXFileReference; lastKnownFileType = file.storyboard; name = Base; path = Base.lproj/Main.storyboard; sourceTree = "<group>"; };
		294874021DB523E500AD7537 /* Assets.xcassets */ = {isa = PBXFileReference; lastKnownFileType = folder.assetcatalog; path = Assets.xcassets; sourceTree = "<group>"; };
		294874051DB523E500AD7537 /* Base */ = {isa = PBXFileReference; lastKnownFileType = file.storyboard; name = Base; path = Base.lproj/LaunchScreen.storyboard; sourceTree = "<group>"; };
		294874071DB523E500AD7537 /* Info.plist */ = {isa = PBXFileReference; lastKnownFileType = text.plist.xml; path = Info.plist; sourceTree = "<group>"; };
		29C3F9011DD9E92900652083 /* AWFileHash.h */ = {isa = PBXFileReference; fileEncoding = 4; lastKnownFileType = sourcecode.c.h; path = AWFileHash.h; sourceTree = "<group>"; };
		29C3F9021DD9E92900652083 /* AWFileHash.m */ = {isa = PBXFileReference; fileEncoding = 4; lastKnownFileType = sourcecode.c.objc; path = AWFileHash.m; sourceTree = "<group>"; };
		482C741BDDF8B15BC8AC7C42 /* Pods-AlamofireDemo.debug.xcconfig */ = {isa = PBXFileReference; includeInIndex = 1; lastKnownFileType = text.xcconfig; name = "Pods-AlamofireDemo.debug.xcconfig"; path = "Pods/Target Support Files/Pods-AlamofireDemo/Pods-AlamofireDemo.debug.xcconfig"; sourceTree = "<group>"; };
		DE1B424453CE3C7CAE85D524 /* Pods-AlamofireDemo.release.xcconfig */ = {isa = PBXFileReference; includeInIndex = 1; lastKnownFileType = text.xcconfig; name = "Pods-AlamofireDemo.release.xcconfig"; path = "Pods/Target Support Files/Pods-AlamofireDemo/Pods-AlamofireDemo.release.xcconfig"; sourceTree = "<group>"; };
/* End PBXFileReference section */

/* Begin PBXFrameworksBuildPhase section */
		294873F51DB523E500AD7537 /* Frameworks */ = {
			isa = PBXFrameworksBuildPhase;
			buildActionMask = 2147483647;
			files = (
				1021EFE245BD9E45AFDC3E80 /* Pods_AlamofireDemo.framework in Frameworks */,
			);
			runOnlyForDeploymentPostprocessing = 0;
		};
/* End PBXFrameworksBuildPhase section */

/* Begin PBXGroup section */
		294873EF1DB523E500AD7537 = {
			isa = PBXGroup;
			children = (
				294873FA1DB523E500AD7537 /* AlamofireDemo */,
				294873F91DB523E500AD7537 /* Products */,
				D4DB1F4FDB24352E354B6945 /* Pods */,
				A84B91CC5EE32FC2C1356A81 /* Frameworks */,
			);
			sourceTree = "<group>";
		};
		294873F91DB523E500AD7537 /* Products */ = {
			isa = PBXGroup;
			children = (
				294873F81DB523E500AD7537 /* AlamofireDemo.app */,
			);
			name = Products;
			sourceTree = "<group>";
		};
		294873FA1DB523E500AD7537 /* AlamofireDemo */ = {
			isa = PBXGroup;
			children = (
				29233A0C1DC1A95D004C1A3C /* AlamofireDemo-Bridging-Header.h */,
				294873FB1DB523E500AD7537 /* AppDelegate.swift */,
				294873FD1DB523E500AD7537 /* ViewController.swift */,
				29C3F9011DD9E92900652083 /* AWFileHash.h */,
				29C3F9021DD9E92900652083 /* AWFileHash.m */,
				294873FF1DB523E500AD7537 /* Main.storyboard */,
				294874021DB523E500AD7537 /* Assets.xcassets */,
				294874041DB523E500AD7537 /* LaunchScreen.storyboard */,
				294874071DB523E500AD7537 /* Info.plist */,
			);
			path = AlamofireDemo;
			sourceTree = "<group>";
		};
		A84B91CC5EE32FC2C1356A81 /* Frameworks */ = {
			isa = PBXGroup;
			children = (
				04A9A16620C38EE6FC49F741 /* Pods_AlamofireDemo.framework */,
			);
			name = Frameworks;
			sourceTree = "<group>";
		};
		D4DB1F4FDB24352E354B6945 /* Pods */ = {
			isa = PBXGroup;
			children = (
				482C741BDDF8B15BC8AC7C42 /* Pods-AlamofireDemo.debug.xcconfig */,
				DE1B424453CE3C7CAE85D524 /* Pods-AlamofireDemo.release.xcconfig */,
			);
			name = Pods;
			sourceTree = "<group>";
		};
/* End PBXGroup section */

/* Begin PBXNativeTarget section */
		294873F71DB523E500AD7537 /* AlamofireDemo */ = {
			isa = PBXNativeTarget;
			buildConfigurationList = 2948740A1DB523E500AD7537 /* Build configuration list for PBXNativeTarget "AlamofireDemo" */;
			buildPhases = (
				A08875655EF8BF5E2DACA75C /* [CP] Check Pods Manifest.lock */,
				294873F41DB523E500AD7537 /* Sources */,
				294873F51DB523E500AD7537 /* Frameworks */,
				294873F61DB523E500AD7537 /* Resources */,
				D635D2D564935A09167BDFF8 /* [CP] Embed Pods Frameworks */,
				414BDC12E8BDEACB93E064F7 /* [CP] Copy Pods Resources */,
			);
			buildRules = (
			);
			dependencies = (
			);
			name = AlamofireDemo;
			productName = AlamofireDemo;
			productReference = 294873F81DB523E500AD7537 /* AlamofireDemo.app */;
			productType = "com.apple.product-type.application";
		};
/* End PBXNativeTarget section */

/* Begin PBXProject section */
		294873F01DB523E500AD7537 /* Project object */ = {
			isa = PBXProject;
			attributes = {
				LastSwiftUpdateCheck = 0800;
				LastUpgradeCheck = 0810;
				ORGANIZATIONNAME = YorrickBao;
				TargetAttributes = {
					294873F71DB523E500AD7537 = {
						CreatedOnToolsVersion = 8.0;
						DevelopmentTeam = 22FK6EQLFU;
						ProvisioningStyle = Automatic;
					};
				};
			};
			buildConfigurationList = 294873F31DB523E500AD7537 /* Build configuration list for PBXProject "AlamofireDemo" */;
			compatibilityVersion = "Xcode 3.2";
			developmentRegion = English;
			hasScannedForEncodings = 0;
			knownRegions = (
				en,
				Base,
			);
			mainGroup = 294873EF1DB523E500AD7537;
			productRefGroup = 294873F91DB523E500AD7537 /* Products */;
			projectDirPath = "";
			projectRoot = "";
			targets = (
				294873F71DB523E500AD7537 /* AlamofireDemo */,
			);
		};
/* End PBXProject section */

/* Begin PBXResourcesBuildPhase section */
		294873F61DB523E500AD7537 /* Resources */ = {
			isa = PBXResourcesBuildPhase;
			buildActionMask = 2147483647;
			files = (
				294874061DB523E500AD7537 /* LaunchScreen.storyboard in Resources */,
				294874031DB523E500AD7537 /* Assets.xcassets in Resources */,
				294874011DB523E500AD7537 /* Main.storyboard in Resources */,
			);
			runOnlyForDeploymentPostprocessing = 0;
		};
/* End PBXResourcesBuildPhase section */

/* Begin PBXShellScriptBuildPhase section */
		414BDC12E8BDEACB93E064F7 /* [CP] Copy Pods Resources */ = {
			isa = PBXShellScriptBuildPhase;
			buildActionMask = 2147483647;
			files = (
			);
			inputPaths = (
			);
			name = "[CP] Copy Pods Resources";
			outputPaths = (
			);
			runOnlyForDeploymentPostprocessing = 0;
			shellPath = /bin/sh;
			shellScript = "\"${SRCROOT}/Pods/Target Support Files/Pods-AlamofireDemo/Pods-AlamofireDemo-resources.sh\"\n";
			showEnvVarsInLog = 0;
		};
		A08875655EF8BF5E2DACA75C /* [CP] Check Pods Manifest.lock */ = {
			isa = PBXShellScriptBuildPhase;
			buildActionMask = 2147483647;
			files = (
			);
			inputPaths = (
			);
			name = "[CP] Check Pods Manifest.lock";
			outputPaths = (
			);
			runOnlyForDeploymentPostprocessing = 0;
			shellPath = /bin/sh;
			shellScript = "diff \"${PODS_ROOT}/../Podfile.lock\" \"${PODS_ROOT}/Manifest.lock\" > /dev/null\nif [ $? != 0 ] ; then\n    # print error to STDERR\n    echo \"error: The sandbox is not in sync with the Podfile.lock. Run 'pod install' or update your CocoaPods installation.\" >&2\n    exit 1\nfi\n";
			showEnvVarsInLog = 0;
		};
		D635D2D564935A09167BDFF8 /* [CP] Embed Pods Frameworks */ = {
			isa = PBXShellScriptBuildPhase;
			buildActionMask = 2147483647;
			files = (
			);
			inputPaths = (
			);
			name = "[CP] Embed Pods Frameworks";
			outputPaths = (
			);
			runOnlyForDeploymentPostprocessing = 0;
			shellPath = /bin/sh;
			shellScript = "\"${SRCROOT}/Pods/Target Support Files/Pods-AlamofireDemo/Pods-AlamofireDemo-frameworks.sh\"\n";
			showEnvVarsInLog = 0;
		};
/* End PBXShellScriptBuildPhase section */

/* Begin PBXSourcesBuildPhase section */
		294873F41DB523E500AD7537 /* Sources */ = {
			isa = PBXSourcesBuildPhase;
			buildActionMask = 2147483647;
			files = (
				294873FE1DB523E500AD7537 /* ViewController.swift in Sources */,
				294873FC1DB523E500AD7537 /* AppDelegate.swift in Sources */,
				29C3F9031DD9E92900652083 /* AWFileHash.m in Sources */,
			);
			runOnlyForDeploymentPostprocessing = 0;
		};
/* End PBXSourcesBuildPhase section */

/* Begin PBXVariantGroup section */
		294873FF1DB523E500AD7537 /* Main.storyboard */ = {
			isa = PBXVariantGroup;
			children = (
				294874001DB523E500AD7537 /* Base */,
			);
			name = Main.storyboard;
			sourceTree = "<group>";
		};
		294874041DB523E500AD7537 /* LaunchScreen.storyboard */ = {
			isa = PBXVariantGroup;
			children = (
				294874051DB523E500AD7537 /* Base */,
			);
			name = LaunchScreen.storyboard;
			sourceTree = "<group>";
		};
/* End PBXVariantGroup section */

/* Begin XCBuildConfiguration section */
		294874081DB523E500AD7537 /* Debug */ = {
			isa = XCBuildConfiguration;
			buildSettings = {
				ALWAYS_SEARCH_USER_PATHS = NO;
				CLANG_ANALYZER_NONNULL = YES;
				CLANG_CXX_LANGUAGE_STANDARD = "gnu++0x";
				CLANG_CXX_LIBRARY = "libc++";
				CLANG_ENABLE_MODULES = YES;
				CLANG_ENABLE_OBJC_ARC = YES;
				CLANG_WARN_BOOL_CONVERSION = YES;
				CLANG_WARN_CONSTANT_CONVERSION = YES;
				CLANG_WARN_DIRECT_OBJC_ISA_USAGE = YES_ERROR;
				CLANG_WARN_DOCUMENTATION_COMMENTS = YES;
				CLANG_WARN_EMPTY_BODY = YES;
				CLANG_WARN_ENUM_CONVERSION = YES;
				CLANG_WARN_INFINITE_RECURSION = YES;
				CLANG_WARN_INT_CONVERSION = YES;
				CLANG_WARN_OBJC_ROOT_CLASS = YES_ERROR;
				CLANG_WARN_SUSPICIOUS_MOVE = YES;
				CLANG_WARN_SUSPICIOUS_MOVES = YES;
				CLANG_WARN_UNREACHABLE_CODE = YES;
				CLANG_WARN__DUPLICATE_METHOD_MATCH = YES;
				"CODE_SIGN_IDENTITY[sdk=iphoneos*]" = "iPhone Developer";
				COPY_PHASE_STRIP = NO;
				DEBUG_INFORMATION_FORMAT = dwarf;
				ENABLE_STRICT_OBJC_MSGSEND = YES;
				ENABLE_TESTABILITY = YES;
				GCC_C_LANGUAGE_STANDARD = gnu99;
				GCC_DYNAMIC_NO_PIC = NO;
				GCC_NO_COMMON_BLOCKS = YES;
				GCC_OPTIMIZATION_LEVEL = 0;
				GCC_PREPROCESSOR_DEFINITIONS = (
					"DEBUG=1",
					"$(inherited)",
				);
				GCC_WARN_64_TO_32_BIT_CONVERSION = YES;
				GCC_WARN_ABOUT_RETURN_TYPE = YES_ERROR;
				GCC_WARN_UNDECLARED_SELECTOR = YES;
				GCC_WARN_UNINITIALIZED_AUTOS = YES_AGGRESSIVE;
				GCC_WARN_UNUSED_FUNCTION = YES;
				GCC_WARN_UNUSED_VARIABLE = YES;
				IPHONEOS_DEPLOYMENT_TARGET = 10.0;
				MTL_ENABLE_DEBUG_INFO = YES;
				ONLY_ACTIVE_ARCH = YES;
				SDKROOT = iphoneos;
				SWIFT_ACTIVE_COMPILATION_CONDITIONS = DEBUG;
				SWIFT_OPTIMIZATION_LEVEL = "-Onone";
			};
			name = Debug;
		};
		294874091DB523E500AD7537 /* Release */ = {
			isa = XCBuildConfiguration;
			buildSettings = {
				ALWAYS_SEARCH_USER_PATHS = NO;
				CLANG_ANALYZER_NONNULL = YES;
				CLANG_CXX_LANGUAGE_STANDARD = "gnu++0x";
				CLANG_CXX_LIBRARY = "libc++";
				CLANG_ENABLE_MODULES = YES;
				CLANG_ENABLE_OBJC_ARC = YES;
				CLANG_WARN_BOOL_CONVERSION = YES;
				CLANG_WARN_CONSTANT_CONVERSION = YES;
				CLANG_WARN_DIRECT_OBJC_ISA_USAGE = YES_ERROR;
				CLANG_WARN_DOCUMENTATION_COMMENTS = YES;
				CLANG_WARN_EMPTY_BODY = YES;
				CLANG_WARN_ENUM_CONVERSION = YES;
				CLANG_WARN_INFINITE_RECURSION = YES;
				CLANG_WARN_INT_CONVERSION = YES;
				CLANG_WARN_OBJC_ROOT_CLASS = YES_ERROR;
				CLANG_WARN_SUSPICIOUS_MOVE = YES;
				CLANG_WARN_SUSPICIOUS_MOVES = YES;
				CLANG_WARN_UNREACHABLE_CODE = YES;
				CLANG_WARN__DUPLICATE_METHOD_MATCH = YES;
				"CODE_SIGN_IDENTITY[sdk=iphoneos*]" = "iPhone Developer";
				COPY_PHASE_STRIP = NO;
				DEBUG_INFORMATION_FORMAT = "dwarf-with-dsym";
				ENABLE_NS_ASSERTIONS = NO;
				ENABLE_STRICT_OBJC_MSGSEND = YES;
				GCC_C_LANGUAGE_STANDARD = gnu99;
				GCC_NO_COMMON_BLOCKS = YES;
				GCC_WARN_64_TO_32_BIT_CONVERSION = YES;
				GCC_WARN_ABOUT_RETURN_TYPE = YES_ERROR;
				GCC_WARN_UNDECLARED_SELECTOR = YES;
				GCC_WARN_UNINITIALIZED_AUTOS = YES_AGGRESSIVE;
				GCC_WARN_UNUSED_FUNCTION = YES;
				GCC_WARN_UNUSED_VARIABLE = YES;
				IPHONEOS_DEPLOYMENT_TARGET = 10.0;
				MTL_ENABLE_DEBUG_INFO = NO;
				SDKROOT = iphoneos;
				SWIFT_OPTIMIZATION_LEVEL = "-Owholemodule";
				VALIDATE_PRODUCT = YES;
			};
			name = Release;
		};
		2948740B1DB523E500AD7537 /* Debug */ = {
			isa = XCBuildConfiguration;
			baseConfigurationReference = 482C741BDDF8B15BC8AC7C42 /* Pods-AlamofireDemo.debug.xcconfig */;
			buildSettings = {
				ALWAYS_EMBED_SWIFT_STANDARD_LIBRARIES = YES;
				ASSETCATALOG_COMPILER_APPICON_NAME = AppIcon;
				DEVELOPMENT_TEAM = 22FK6EQLFU;
				INFOPLIST_FILE = AlamofireDemo/Info.plist;
				LD_RUNPATH_SEARCH_PATHS = "$(inherited) @executable_path/Frameworks";
				PRODUCT_BUNDLE_IDENTIFIER = com.YorrickBao.AlamofireDemo;
				PRODUCT_NAME = "$(TARGET_NAME)";
				SWIFT_OBJC_BRIDGING_HEADER = "AlamofireDemo/AlamofireDemo-Bridging-Header.h";
				SWIFT_VERSION = 3.0;
			};
			name = Debug;
		};
		2948740C1DB523E500AD7537 /* Release */ = {
			isa = XCBuildConfiguration;
			baseConfigurationReference = DE1B424453CE3C7CAE85D524 /* Pods-AlamofireDemo.release.xcconfig */;
			buildSettings = {
				ALWAYS_EMBED_SWIFT_STANDARD_LIBRARIES = YES;
				ASSETCATALOG_COMPILER_APPICON_NAME = AppIcon;
				DEVELOPMENT_TEAM = 22FK6EQLFU;
				INFOPLIST_FILE = AlamofireDemo/Info.plist;
				LD_RUNPATH_SEARCH_PATHS = "$(inherited) @executable_path/Frameworks";
				PRODUCT_BUNDLE_IDENTIFIER = com.YorrickBao.AlamofireDemo;
				PRODUCT_NAME = "$(TARGET_NAME)";
				SWIFT_OBJC_BRIDGING_HEADER = "AlamofireDemo/AlamofireDemo-Bridging-Header.h";
				SWIFT_VERSION = 3.0;
			};
			name = Release;
		};
/* End XCBuildConfiguration section */

/* Begin XCConfigurationList section */
		294873F31DB523E500AD7537 /* Build configuration list for PBXProject "AlamofireDemo" */ = {
			isa = XCConfigurationList;
			buildConfigurations = (
				294874081DB523E500AD7537 /* Debug */,
				294874091DB523E500AD7537 /* Release */,
			);
			defaultConfigurationIsVisible = 0;
			defaultConfigurationName = Release;
		};
		2948740A1DB523E500AD7537 /* Build configuration list for PBXNativeTarget "AlamofireDemo" */ = {
			isa = XCConfigurationList;
			buildConfigurations = (
				2948740B1DB523E500AD7537 /* Debug */,
				2948740C1DB523E500AD7537 /* Release */,
			);
			defaultConfigurationIsVisible = 0;
			defaultConfigurationName = Release;
		};
/* End XCConfigurationList section */
	};
	rootObject = 294873F01DB523E500AD7537 /* Project object */;
}
