PODS:
  - Alamofire (4.0.1)
  - CocoaSecurity (1.2.4)
  - CryptoKit (0.3.6)
  - SwiftyJSON (3.1.1)
  - SWXMLHash (3.0.2)

DEPENDENCIES:
  - Alamofire (~> 4.0)
  - CocoaSecurity
  - CryptoKit
  - SwiftyJSON
  - SWXMLHash

SPEC CHECKSUMS:
  Alamofire: 7682d43245de14874acd142ec137b144aa1dd335
  CocoaSecurity: d288a6f87e0f363823d2cb83e753814a6944f71a
  CryptoKit: 5fd4db21840255ed89ad8a88f5d280ba29c0ccbd
  SwiftyJSON: f0be2e604f83e8405a624e9f891898bf6ed4e019
  SWXMLHash: e0f6935971f01b06fb228cf435510d998ecde647

PODFILE CHECKSUM: a5e2d26e1f3c32e181f0be50bf65f6fab8885913

COCOAPODS: 1.1.0.rc.3
