// !$*UTF8*$!
{
	archiveVersion = 1;
	classes = {
	};
	objectVersion = 46;
	objects = {

/* Begin PBXBuildFile section */
		29741F551E8F5281001E270C /* AppDelegate.swift in Sources */ = {isa = PBXBuildFile; fileRef = 29741F541E8F5281001E270C /* AppDelegate.swift */; };
		29741F571E8F5281001E270C /* ViewController.swift in Sources */ = {isa = PBXBuildFile; fileRef = 29741F561E8F5281001E270C /* ViewController.swift */; };
		29741F5A1E8F5281001E270C /* Main.storyboard in Resources */ = {isa = PBXBuildFile; fileRef = 29741F581E8F5281001E270C /* Main.storyboard */; };
		29741F5C1E8F5281001E270C /* Assets.xcassets in Resources */ = {isa = PBXBuildFile; fileRef = 29741F5B1E8F5281001E270C /* Assets.xcassets */; };
		29741F5F1E8F5281001E270C /* LaunchScreen.storyboard in Resources */ = {isa = PBXBuildFile; fileRef = 29741F5D1E8F5281001E270C /* LaunchScreen.storyboard */; };
/* End PBXBuildFile section */

/* Begin PBXFileReference section */
		29741F511E8F5281001E270C /* longscreenshot.app */ = {isa = PBXFileReference; explicitFileType = wrapper.application; includeInIndex = 0; path = longscreenshot.app; sourceTree = BUILT_PRODUCTS_DIR; };
		29741F541E8F5281001E270C /* AppDelegate.swift */ = {isa = PBXFileReference; lastKnownFileType = sourcecode.swift; path = AppDelegate.swift; sourceTree = "<group>"; };
		29741F561E8F5281001E270C /* ViewController.swift */ = {isa = PBXFileReference; lastKnownFileType = sourcecode.swift; path = ViewController.swift; sourceTree = "<group>"; };
		29741F591E8F5281001E270C /* Base */ = {isa = PBXFileReference; lastKnownFileType = file.storyboard; name = Base; path = Base.lproj/Main.storyboard; sourceTree = "<group>"; };
		29741F5B1E8F5281001E270C /* Assets.xcassets */ = {isa = PBXFileReference; lastKnownFileType = folder.assetcatalog; path = Assets.xcassets; sourceTree = "<group>"; };
		29741F5E1E8F5281001E270C /* Base */ = {isa = PBXFileReference; lastKnownFileType = file.storyboard; name = Base; path = Base.lproj/LaunchScreen.storyboard; sourceTree = "<group>"; };
		29741F601E8F5281001E270C /* Info.plist */ = {isa = PBXFileReference; lastKnownFileType = text.plist.xml; path = Info.plist; sourceTree = "<group>"; };
/* End PBXFileReference section */

/* Begin PBXFrameworksBuildPhase section */
		29741F4E1E8F5281001E270C /* Frameworks */ = {
			isa = PBXFrameworksBuildPhase;
			buildActionMask = 2147483647;
			files = (
			);
			runOnlyForDeploymentPostprocessing = 0;
		};
/* End PBXFrameworksBuildPhase section */

/* Begin PBXGroup section */
		29741F481E8F5281001E270C = {
			isa = PBXGroup;
			children = (
				29741F531E8F5281001E270C /* longscreenshot */,
				29741F521E8F5281001E270C /* Products */,
			);
			sourceTree = "<group>";
		};
		29741F521E8F5281001E270C /* Products */ = {
			isa = PBXGroup;
			children = (
				29741F511E8F5281001E270C /* longscreenshot.app */,
			);
			name = Products;
			sourceTree = "<group>";
		};
		29741F531E8F5281001E270C /* longscreenshot */ = {
			isa = PBXGroup;
			children = (
				29741F541E8F5281001E270C /* AppDelegate.swift */,
				29741F561E8F5281001E270C /* ViewController.swift */,
				29741F581E8F5281001E270C /* Main.storyboard */,
				29741F5B1E8F5281001E270C /* Assets.xcassets */,
				29741F5D1E8F5281001E270C /* LaunchScreen.storyboard */,
				29741F601E8F5281001E270C /* Info.plist */,
			);
			path = longscreenshot;
			sourceTree = "<group>";
		};
/* End PBXGroup section */

/* Begin PBXNativeTarget section */
		29741F501E8F5281001E270C /* longscreenshot */ = {
			isa = PBXNativeTarget;
			buildConfigurationList = 29741F631E8F5281001E270C /* Build configuration list for PBXNativeTarget "longscreenshot" */;
			buildPhases = (
				29741F4D1E8F5281001E270C /* Sources */,
				29741F4E1E8F5281001E270C /* Frameworks */,
				29741F4F1E8F5281001E270C /* Resources */,
			);
			buildRules = (
			);
			dependencies = (
			);
			name = longscreenshot;
			productName = longscreenshot;
			productReference = 29741F511E8F5281001E270C /* longscreenshot.app */;
			productType = "com.apple.product-type.application";
		};
/* End PBXNativeTarget section */

/* Begin PBXProject section */
		29741F491E8F5281001E270C /* Project object */ = {
			isa = PBXProject;
			attributes = {
				LastSwiftUpdateCheck = 0830;
				LastUpgradeCheck = 0830;
				ORGANIZATIONNAME = YorrickBao;
				TargetAttributes = {
					29741F501E8F5281001E270C = {
						CreatedOnToolsVersion = 8.3;
						DevelopmentTeam = 22FK6EQLFU;
						ProvisioningStyle = Automatic;
					};
				};
			};
			buildConfigurationList = 29741F4C1E8F5281001E270C /* Build configuration list for PBXProject "longscreenshot" */;
			compatibilityVersion = "Xcode 3.2";
			developmentRegion = English;
			hasScannedForEncodings = 0;
			knownRegions = (
				en,
				Base,
			);
			mainGroup = 29741F481E8F5281001E270C;
			productRefGroup = 29741F521E8F5281001E270C /* Products */;
			projectDirPath = "";
			projectRoot = "";
			targets = (
				29741F501E8F5281001E270C /* longscreenshot */,
			);
		};
/* End PBXProject section */

/* Begin PBXResourcesBuildPhase section */
		29741F4F1E8F5281001E270C /* Resources */ = {
			isa = PBXResourcesBuildPhase;
			buildActionMask = 2147483647;
			files = (
				29741F5F1E8F5281001E270C /* LaunchScreen.storyboard in Resources */,
				29741F5C1E8F5281001E270C /* Assets.xcassets in Resources */,
				29741F5A1E8F5281001E270C /* Main.storyboard in Resources */,
			);
			runOnlyForDeploymentPostprocessing = 0;
		};
/* End PBXResourcesBuildPhase section */

/* Begin PBXSourcesBuildPhase section */
		29741F4D1E8F5281001E270C /* Sources */ = {
			isa = PBXSourcesBuildPhase;
			buildActionMask = 2147483647;
			files = (
				29741F571E8F5281001E270C /* ViewController.swift in Sources */,
				29741F551E8F5281001E270C /* AppDelegate.swift in Sources */,
			);
			runOnlyForDeploymentPostprocessing = 0;
		};
/* End PBXSourcesBuildPhase section */

/* Begin PBXVariantGroup section */
		29741F581E8F5281001E270C /* Main.storyboard */ = {
			isa = PBXVariantGroup;
			children = (
				29741F591E8F5281001E270C /* Base */,
			);
			name = Main.storyboard;
			sourceTree = "<group>";
		};
		29741F5D1E8F5281001E270C /* LaunchScreen.storyboard */ = {
			isa = PBXVariantGroup;
			children = (
				29741F5E1E8F5281001E270C /* Base */,
			);
			name = LaunchScreen.storyboard;
			sourceTree = "<group>";
		};
/* End PBXVariantGroup section */

/* Begin XCBuildConfiguration section */
		29741F611E8F5281001E270C /* Debug */ = {
			isa = XCBuildConfiguration;
			buildSettings = {
				ALWAYS_SEARCH_USER_PATHS = NO;
				CLANG_ANALYZER_NONNULL = YES;
				CLANG_ANALYZER_NUMBER_OBJECT_CONVERSION = YES_AGGRESSIVE;
				CLANG_CXX_LANGUAGE_STANDARD = "gnu++0x";
				CLANG_CXX_LIBRARY = "libc++";
				CLANG_ENABLE_MODULES = YES;
				CLANG_ENABLE_OBJC_ARC = YES;
				CLANG_WARN_BOOL_CONVERSION = YES;
				CLANG_WARN_CONSTANT_CONVERSION = YES;
				CLANG_WARN_DIRECT_OBJC_ISA_USAGE = YES_ERROR;
				CLANG_WARN_DOCUMENTATION_COMMENTS = YES;
				CLANG_WARN_EMPTY_BODY = YES;
				CLANG_WARN_ENUM_CONVERSION = YES;
				CLANG_WARN_INFINITE_RECURSION = YES;
				CLANG_WARN_INT_CONVERSION = YES;
				CLANG_WARN_OBJC_ROOT_CLASS = YES_ERROR;
				CLANG_WARN_SUSPICIOUS_MOVE = YES;
				CLANG_WARN_UNREACHABLE_CODE = YES;
				CLANG_WARN__DUPLICATE_METHOD_MATCH = YES;
				"CODE_SIGN_IDENTITY[sdk=iphoneos*]" = "iPhone Developer";
				COPY_PHASE_STRIP = NO;
				DEBUG_INFORMATION_FORMAT = dwarf;
				ENABLE_STRICT_OBJC_MSGSEND = YES;
				ENABLE_TESTABILITY = YES;
				GCC_C_LANGUAGE_STANDARD = gnu99;
				GCC_DYNAMIC_NO_PIC = NO;
				GCC_NO_COMMON_BLOCKS = YES;
				GCC_OPTIMIZATION_LEVEL = 0;
				GCC_PREPROCESSOR_DEFINITIONS = (
					"DEBUG=1",
					"$(inherited)",
				);
				GCC_WARN_64_TO_32_BIT_CONVERSION = YES;
				GCC_WARN_ABOUT_RETURN_TYPE = YES_ERROR;
				GCC_WARN_UNDECLARED_SELECTOR = YES;
				GCC_WARN_UNINITIALIZED_AUTOS = YES_AGGRESSIVE;
				GCC_WARN_UNUSED_FUNCTION = YES;
				GCC_WARN_UNUSED_VARIABLE = YES;
				IPHONEOS_DEPLOYMENT_TARGET = 10.3;
				MTL_ENABLE_DEBUG_INFO = YES;
				ONLY_ACTIVE_ARCH = YES;
				SDKROOT = iphoneos;
				SWIFT_ACTIVE_COMPILATION_CONDITIONS = DEBUG;
				SWIFT_OPTIMIZATION_LEVEL = "-Onone";
			};
			name = Debug;
		};
		29741F621E8F5281001E270C /* Release */ = {
			isa = XCBuildConfiguration;
			buildSettings = {
				ALWAYS_SEARCH_USER_PATHS = NO;
				CLANG_ANALYZER_NONNULL = YES;
				CLANG_ANALYZER_NUMBER_OBJECT_CONVERSION = YES_AGGRESSIVE;
				CLANG_CXX_LANGUAGE_STANDARD = "gnu++0x";
				CLANG_CXX_LIBRARY = "libc++";
				CLANG_ENABLE_MODULES = YES;
				CLANG_ENABLE_OBJC_ARC = YES;
				CLANG_WARN_BOOL_CONVERSION = YES;
				CLANG_WARN_CONSTANT_CONVERSION = YES;
				CLANG_WARN_DIRECT_OBJC_ISA_USAGE = YES_ERROR;
				CLANG_WARN_DOCUMENTATION_COMMENTS = YES;
				CLANG_WARN_EMPTY_BODY = YES;
				CLANG_WARN_ENUM_CONVERSION = YES;
				CLANG_WARN_INFINITE_RECURSION = YES;
				CLANG_WARN_INT_CONVERSION = YES;
				CLANG_WARN_OBJC_ROOT_CLASS = YES_ERROR;
				CLANG_WARN_SUSPICIOUS_MOVE = YES;
				CLANG_WARN_UNREACHABLE_CODE = YES;
				CLANG_WARN__DUPLICATE_METHOD_MATCH = YES;
				"CODE_SIGN_IDENTITY[sdk=iphoneos*]" = "iPhone Developer";
				COPY_PHASE_STRIP = NO;
				DEBUG_INFORMATION_FORMAT = "dwarf-with-dsym";
				ENABLE_NS_ASSERTIONS = NO;
				ENABLE_STRICT_OBJC_MSGSEND = YES;
				GCC_C_LANGUAGE_STANDARD = gnu99;
				GCC_NO_COMMON_BLOCKS = YES;
				GCC_WARN_64_TO_32_BIT_CONVERSION = YES;
				GCC_WARN_ABOUT_RETURN_TYPE = YES_ERROR;
				GCC_WARN_UNDECLARED_SELECTOR = YES;
				GCC_WARN_UNINITIALIZED_AUTOS = YES_AGGRESSIVE;
				GCC_WARN_UNUSED_FUNCTION = YES;
				GCC_WARN_UNUSED_VARIABLE = YES;
				IPHONEOS_DEPLOYMENT_TARGET = 10.3;
				MTL_ENABLE_DEBUG_INFO = NO;
				SDKROOT = iphoneos;
				SWIFT_OPTIMIZATION_LEVEL = "-Owholemodule";
				VALIDATE_PRODUCT = YES;
			};
			name = Release;
		};
		29741F641E8F5281001E270C /* Debug */ = {
			isa = XCBuildConfiguration;
			buildSettings = {
				ASSETCATALOG_COMPILER_APPICON_NAME = AppIcon;
				DEVELOPMENT_TEAM = 22FK6EQLFU;
				INFOPLIST_FILE = longscreenshot/Info.plist;
				LD_RUNPATH_SEARCH_PATHS = "$(inherited) @executable_path/Frameworks";
				PRODUCT_BUNDLE_IDENTIFIER = com.yorrickipedia.demo.longscreenshot;
				PRODUCT_NAME = "$(TARGET_NAME)";
				SWIFT_VERSION = 3.0;
			};
			name = Debug;
		};
		29741F651E8F5281001E270C /* Release */ = {
			isa = XCBuildConfiguration;
			buildSettings = {
				ASSETCATALOG_COMPILER_APPICON_NAME = AppIcon;
				DEVELOPMENT_TEAM = 22FK6EQLFU;
				INFOPLIST_FILE = longscreenshot/Info.plist;
				LD_RUNPATH_SEARCH_PATHS = "$(inherited) @executable_path/Frameworks";
				PRODUCT_BUNDLE_IDENTIFIER = com.yorrickipedia.demo.longscreenshot;
				PRODUCT_NAME = "$(TARGET_NAME)";
				SWIFT_VERSION = 3.0;
			};
			name = Release;
		};
/* End XCBuildConfiguration section */

/* Begin XCConfigurationList section */
		29741F4C1E8F5281001E270C /* Build configuration list for PBXProject "longscreenshot" */ = {
			isa = XCConfigurationList;
			buildConfigurations = (
				29741F611E8F5281001E270C /* Debug */,
				29741F621E8F5281001E270C /* Release */,
			);
			defaultConfigurationIsVisible = 0;
			defaultConfigurationName = Release;
		};
		29741F631E8F5281001E270C /* Build configuration list for PBXNativeTarget "longscreenshot" */ = {
			isa = XCConfigurationList;
			buildConfigurations = (
				29741F641E8F5281001E270C /* Debug */,
				29741F651E8F5281001E270C /* Release */,
			);
			defaultConfigurationIsVisible = 0;
		};
/* End XCConfigurationList section */
	};
	rootObject = 29741F491E8F5281001E270C /* Project object */;
}
